// !$*UTF8*$!
{
	archiveVersion = 1;
	classes = {
	};
	objectVersion = 46;
	objects = {

/* Begin PBXBuildFile section */
		9414F6A51D3551BE00B40909 /* AppDelegate.swift in Sources */ = {isa = PBXBuildFile; fileRef = 9414F6A41D3551BE00B40909 /* AppDelegate.swift */; };
		9414F6A71D3551BE00B40909 /* ViewController.swift in Sources */ = {isa = PBXBuildFile; fileRef = 9414F6A61D3551BE00B40909 /* ViewController.swift */; };
		9414F6AA1D3551BE00B40909 /* Main.storyboard in Resources */ = {isa = PBXBuildFile; fileRef = 9414F6A81D3551BE00B40909 /* Main.storyboard */; };
		9414F6AC1D3551BE00B40909 /* Assets.xcassets in Resources */ = {isa = PBXBuildFile; fileRef = 9414F6AB1D3551BE00B40909 /* Assets.xcassets */; };
		9414F6AF1D3551BE00B40909 /* LaunchScreen.storyboard in Resources */ = {isa = PBXBuildFile; fileRef = 9414F6AD1D3551BE00B40909 /* LaunchScreen.storyboard */; };
/* End PBXBuildFile section */

/* Begin PBXFileReference section */
		9414F6A11D3551BE00B40909 /* RCLineGraph.app */ = {isa = PBXFileReference; explicitFileType = wrapper.application; includeInIndex = 0; path = RCLineGraph.app; sourceTree = BUILT_PRODUCTS_DIR; };
		9414F6A41D3551BE00B40909 /* AppDelegate.swift */ = {isa = PBXFileReference; lastKnownFileType = sourcecode.swift; path = AppDelegate.swift; sourceTree = "<group>"; };
		9414F6A61D3551BE00B40909 /* ViewController.swift */ = {isa = PBXFileReference; lastKnownFileType = sourcecode.swift; path = ViewController.swift; sourceTree = "<group>"; };
		9414F6A91D3551BE00B40909 /* Base */ = {isa = PBXFileReference; lastKnownFileType = file.storyboard; name = Base; path = Base.lproj/Main.storyboard; sourceTree = "<group>"; };
		9414F6AB1D3551BE00B40909 /* Assets.xcassets */ = {isa = PBXFileReference; lastKnownFileType = folder.assetcatalog; path = Assets.xcassets; sourceTree = "<group>"; };
		9414F6AE1D3551BE00B40909 /* Base */ = {isa = PBXFileReference; lastKnownFileType = file.storyboard; name = Base; path = Base.lproj/LaunchScreen.storyboard; sourceTree = "<group>"; };
		9414F6B01D3551BE00B40909 /* Info.plist */ = {isa = PBXFileReference; lastKnownFileType = text.plist.xml; path = Info.plist; sourceTree = "<group>"; };
/* End PBXFileReference section */

/* Begin PBXFrameworksBuildPhase section */
		9414F69E1D3551BE00B40909 /* Frameworks */ = {
			isa = PBXFrameworksBuildPhase;
			buildActionMask = 2147483647;
			files = (
			);
			runOnlyForDeploymentPostprocessing = 0;
		};
/* End PBXFrameworksBuildPhase section */

/* Begin PBXGroup section */
		9414F6981D3551BE00B40909 = {
			isa = PBXGroup;
			children = (
				9414F6A31D3551BE00B40909 /* RCLineGraph */,
				9414F6A21D3551BE00B40909 /* Products */,
			);
			sourceTree = "<group>";
		};
		9414F6A21D3551BE00B40909 /* Products */ = {
			isa = PBXGroup;
			children = (
				9414F6A11D3551BE00B40909 /* RCLineGraph.app */,
			);
			name = Products;
			sourceTree = "<group>";
		};
		9414F6A31D3551BE00B40909 /* RCLineGraph */ = {
			isa = PBXGroup;
			children = (
				9414F6A41D3551BE00B40909 /* AppDelegate.swift */,
				9414F6A61D3551BE00B40909 /* ViewController.swift */,
				9414F6A81D3551BE00B40909 /* Main.storyboard */,
				9414F6AB1D3551BE00B40909 /* Assets.xcassets */,
				9414F6AD1D3551BE00B40909 /* LaunchScreen.storyboard */,
				9414F6B01D3551BE00B40909 /* Info.plist */,
			);
			path = RCLineGraph;
			sourceTree = "<group>";
		};
/* End PBXGroup section */

/* Begin PBXNativeTarget section */
		9414F6A01D3551BE00B40909 /* RCLineGraph */ = {
			isa = PBXNativeTarget;
			buildConfigurationList = 9414F6B31D3551BE00B40909 /* Build configuration list for PBXNativeTarget "RCLineGraph" */;
			buildPhases = (
				9414F69D1D3551BE00B40909 /* Sources */,
				9414F69E1D3551BE00B40909 /* Frameworks */,
				9414F69F1D3551BE00B40909 /* Resources */,
			);
			buildRules = (
			);
			dependencies = (
			);
			name = RCLineGraph;
			productName = RCLineGraph;
			productReference = 9414F6A11D3551BE00B40909 /* RCLineGraph.app */;
			productType = "com.apple.product-type.application";
		};
/* End PBXNativeTarget section */

/* Begin PBXProject section */
		9414F6991D3551BE00B40909 /* Project object */ = {
			isa = PBXProject;
			attributes = {
				LastSwiftUpdateCheck = 0730;
				LastUpgradeCheck = 0730;
				ORGANIZATIONNAME = "Ryan Cortez";
				TargetAttributes = {
					9414F6A01D3551BE00B40909 = {
						CreatedOnToolsVersion = 7.3.1;
					};
				};
			};
			buildConfigurationList = 9414F69C1D3551BE00B40909 /* Build configuration list for PBXProject "RCLineGraph" */;
			compatibilityVersion = "Xcode 3.2";
			developmentRegion = English;
			hasScannedForEncodings = 0;
			knownRegions = (
				en,
				Base,
			);
			mainGroup = 9414F6981D3551BE00B40909;
			productRefGroup = 9414F6A21D3551BE00B40909 /* Products */;
			projectDirPath = "";
			projectRoot = "";
			targets = (
				9414F6A01D3551BE00B40909 /* RCLineGraph */,
			);
		};
/* End PBXProject section */

/* Begin PBXResourcesBuildPhase section */
		9414F69F1D3551BE00B40909 /* Resources */ = {
			isa = PBXResourcesBuildPhase;
			buildActionMask = 2147483647;
			files = (
				9414F6AF1D3551BE00B40909 /* LaunchScreen.storyboard in Resources */,
				9414F6AC1D3551BE00B40909 /* Assets.xcassets in Resources */,
				9414F6AA1D3551BE00B40909 /* Main.storyboard in Resources */,
			);
			runOnlyForDeploymentPostprocessing = 0;
		};
/* End PBXResourcesBuildPhase section */

/* Begin PBXSourcesBuildPhase section */
		9414F69D1D3551BE00B40909 /* Sources */ = {
			isa = PBXSourcesBuildPhase;
			buildActionMask = 2147483647;
			files = (
				9414F6A71D3551BE00B40909 /* ViewController.swift in Sources */,
				9414F6A51D3551BE00B40909 /* AppDelegate.swift in Sources */,
			);
			runOnlyForDeploymentPostprocessing = 0;
		};
/* End PBXSourcesBuildPhase section */

/* Begin PBXVariantGroup section */
		9414F6A81D3551BE00B40909 /* Main.storyboard */ = {
			isa = PBXVariantGroup;
			children = (
				9414F6A91D3551BE00B40909 /* Base */,
			);
			name = Main.storyboard;
			sourceTree = "<group>";
		};
		9414F6AD1D3551BE00B40909 /* LaunchScreen.storyboard */ = {
			isa = PBXVariantGroup;
			children = (
				9414F6AE1D3551BE00B40909 /* Base */,
			);
			name = LaunchScreen.storyboard;
			sourceTree = "<group>";
		};
/* End PBXVariantGroup section */

/* Begin XCBuildConfiguration section */
		9414F6B11D3551BE00B40909 /* Debug */ = {
			isa = XCBuildConfiguration;
			buildSettings = {
				ALWAYS_SEARCH_USER_PATHS = NO;
				CLANG_ANALYZER_NONNULL = YES;
				CLANG_CXX_LANGUAGE_STANDARD = "gnu++0x";
				CLANG_CXX_LIBRARY = "libc++";
				CLANG_ENABLE_MODULES = YES;
				CLANG_ENABLE_OBJC_ARC = YES;
				CLANG_WARN_BOOL_CONVERSION = YES;
				CLANG_WARN_CONSTANT_CONVERSION = YES;
				CLANG_WARN_DIRECT_OBJC_ISA_USAGE = YES_ERROR;
				CLANG_WARN_EMPTY_BODY = YES;
				CLANG_WARN_ENUM_CONVERSION = YES;
				CLANG_WARN_INT_CONVERSION = YES;
				CLANG_WARN_OBJC_ROOT_CLASS = YES_ERROR;
				CLANG_WARN_UNREACHABLE_CODE = YES;
				CLANG_WARN__DUPLICATE_METHOD_MATCH = YES;
				"CODE_SIGN_IDENTITY[sdk=iphoneos*]" = "iPhone Developer";
				COPY_PHASE_STRIP = NO;
				DEBUG_INFORMATION_FORMAT = dwarf;
				ENABLE_STRICT_OBJC_MSGSEND = YES;
				ENABLE_TESTABILITY = YES;
				GCC_C_LANGUAGE_STANDARD = gnu99;
				GCC_DYNAMIC_NO_PIC = NO;
				GCC_NO_COMMON_BLOCKS = YES;
				GCC_OPTIMIZATION_LEVEL = 0;
				GCC_PREPROCESSOR_DEFINITIONS = (
					"DEBUG=1",
					"$(inherited)",
				);
				GCC_WARN_64_TO_32_BIT_CONVERSION = YES;
				GCC_WARN_ABOUT_RETURN_TYPE = YES_ERROR;
				GCC_WARN_UNDECLARED_SELECTOR = YES;
				GCC_WARN_UNINITIALIZED_AUTOS = YES_AGGRESSIVE;
				GCC_WARN_UNUSED_FUNCTION = YES;
				GCC_WARN_UNUSED_VARIABLE = YES;
				IPHONEOS_DEPLOYMENT_TARGET = 9.3;
				MTL_ENABLE_DEBUG_INFO = YES;
				ONLY_ACTIVE_ARCH = YES;
				SDKROOT = iphoneos;
				SWIFT_OPTIMIZATION_LEVEL = "-Onone";
				TARGETED_DEVICE_FAMILY = "1,2";
			};
			name = Debug;
		};
		9414F6B21D3551BE00B40909 /* Release */ = {
			isa = XCBuildConfiguration;
			buildSettings = {
				ALWAYS_SEARCH_USER_PATHS = NO;
				CLANG_ANALYZER_NONNULL = YES;
				CLANG_CXX_LANGUAGE_STANDARD = "gnu++0x";
				CLANG_CXX_LIBRARY = "libc++";
				CLANG_ENABLE_MODULES = YES;
				CLANG_ENABLE_OBJC_ARC = YES;
				CLANG_WARN_BOOL_CONVERSION = YES;
				CLANG_WARN_CONSTANT_CONVERSION = YES;
				CLANG_WARN_DIRECT_OBJC_ISA_USAGE = YES_ERROR;
				CLANG_WARN_EMPTY_BODY = YES;
				CLANG_WARN_ENUM_CONVERSION = YES;
				CLANG_WARN_INT_CONVERSION = YES;
				CLANG_WARN_OBJC_ROOT_CLASS = YES_ERROR;
				CLANG_WARN_UNREACHABLE_CODE = YES;
				CLANG_WARN__DUPLICATE_METHOD_MATCH = YES;
				"CODE_SIGN_IDENTITY[sdk=iphoneos*]" = "iPhone Developer";
				COPY_PHASE_STRIP = NO;
				DEBUG_INFORMATION_FORMAT = "dwarf-with-dsym";
				ENABLE_NS_ASSERTIONS = NO;
				ENABLE_STRICT_OBJC_MSGSEND = YES;
				GCC_C_LANGUAGE_STANDARD = gnu99;
				GCC_NO_COMMON_BLOCKS = YES;
				GCC_WARN_64_TO_32_BIT_CONVERSION = YES;
				GCC_WARN_ABOUT_RETURN_TYPE = YES_ERROR;
				GCC_WARN_UNDECLARED_SELECTOR = YES;
				GCC_WARN_UNINITIALIZED_AUTOS = YES_AGGRESSIVE;
				GCC_WARN_UNUSED_FUNCTION = YES;
				GCC_WARN_UNUSED_VARIABLE = YES;
				IPHONEOS_DEPLOYMENT_TARGET = 9.3;
				MTL_ENABLE_DEBUG_INFO = NO;
				SDKROOT = iphoneos;
				TARGETED_DEVICE_FAMILY = "1,2";
				VALIDATE_PRODUCT = YES;
			};
			name = Release;
		};
		9414F6B41D3551BE00B40909 /* Debug */ = {
			isa = XCBuildConfiguration;
			buildSettings = {
				ASSETCATALOG_COMPILER_APPICON_NAME = AppIcon;
				INFOPLIST_FILE = RCLineGraph/Info.plist;
				LD_RUNPATH_SEARCH_PATHS = "$(inherited) @executable_path/Frameworks";
				PRODUCT_BUNDLE_IDENTIFIER = ryancortez.RCLineGraph;
				PRODUCT_NAME = "$(TARGET_NAME)";
			};
			name = Debug;
		};
		9414F6B51D3551BE00B40909 /* Release */ = {
			isa = XCBuildConfiguration;
			buildSettings = {
				ASSETCATALOG_COMPILER_APPICON_NAME = AppIcon;
				INFOPLIST_FILE = RCLineGraph/Info.plist;
				LD_RUNPATH_SEARCH_PATHS = "$(inherited) @executable_path/Frameworks";
				PRODUCT_BUNDLE_IDENTIFIER = ryancortez.RCLineGraph;
				PRODUCT_NAME = "$(TARGET_NAME)";
			};
			name = Release;
		};
/* End XCBuildConfiguration section */

/* Begin XCConfigurationList section */
		9414F69C1D3551BE00B40909 /* Build configuration list for PBXProject "RCLineGraph" */ = {
			isa = XCConfigurationList;
			buildConfigurations = (
				9414F6B11D3551BE00B40909 /* Debug */,
				9414F6B21D3551BE00B40909 /* Release */,
			);
			defaultConfigurationIsVisible = 0;
			defaultConfigurationName = Release;
		};
		9414F6B31D3551BE00B40909 /* Build configuration list for PBXNativeTarget "RCLineGraph" */ = {
			isa = XCConfigurationList;
			buildConfigurations = (
				9414F6B41D3551BE00B40909 /* Debug */,
				9414F6B51D3551BE00B40909 /* Release */,
			);
			defaultConfigurationIsVisible = 0;
		};
/* End XCConfigurationList section */
	};
	rootObject = 9414F6991D3551BE00B40909 /* Project object */;
}
